
Microsoft Visual Studio Solution File, Format Version 12.00
# Visual Studio Version 17
VisualStudioVersion = 17.14.36623.8 d17.14
MinimumVisualStudioVersion = 10.0.40219.1
Project("{FAE04EC0-301F-11D3-BF4B-00C04F79EFBC}") = "ProductosVentass", "ProductosVentass\ProductosVentass.csproj", "{75597751-539B-45EE-9037-3E75144E956E}"
EndProject
Global
	GlobalSection(SolutionConfigurationPlatforms) = preSolution
		Debug|Any CPU = Debug|Any CPU
		Release|Any CPU = Release|Any CPU
	EndGlobalSection
	GlobalSection(ProjectConfigurationPlatforms) = postSolution
		{75597751-539B-45EE-9037-3E75144E956E}.Debug|Any CPU.ActiveCfg = Debug|Any CPU
		{75597751-539B-45EE-9037-3E75144E956E}.Debug|Any CPU.Build.0 = Debug|Any CPU
		{75597751-539B-45EE-9037-3E75144E956E}.Release|Any CPU.ActiveCfg = Release|Any CPU
		{75597751-539B-45EE-9037-3E75144E956E}.Release|Any CPU.Build.0 = Release|Any CPU
	EndGlobalSection
	GlobalSection(SolutionProperties) = preSolution
		HideSolutionNode = FALSE
	EndGlobalSection
	GlobalSection(ExtensibilityGlobals) = postSolution
		SolutionGuid = {B5B8B190-922F-4293-8AD2-152D5B84EED5}
	EndGlobalSection
EndGlobal
